schema: '2.0'
stages:
  ingest:
    cmd: python -m riskflux.data.ingest
    deps:
    - path: data/raw/lending-club-20072020q1.zip
      hash: md5
      md5: d9ba1effd712733806c30c0561a3c3fc
      size: 505408012
    - path: src/riskflux/config.py
      hash: md5
      md5: de8aaeb1121637264f79a1ccd90d4b13
      size: 7030
    - path: src/riskflux/data/ingest.py
      hash: md5
      md5: a5893d15ac69a5f5209d0263e9672c77
      size: 2238
    outs:
    - path: data/interim/loans_raw.parquet
      hash: md5
      md5: 3616a5307b50af5c5815b8e35131d6af
      size: 369781439
  clean:
    cmd: python -m riskflux.data.clean
    deps:
    - path: data/interim/loans_raw.parquet
      hash: md5
      md5: 3616a5307b50af5c5815b8e35131d6af
      size: 369781439
    - path: src/riskflux/columns.py
      hash: md5
      md5: 1c0cf9c0f6263784a62d3177626138a8
      size: 3647
    - path: src/riskflux/config.py
      hash: md5
      md5: de8aaeb1121637264f79a1ccd90d4b13
      size: 7030
    - path: src/riskflux/data/clean.py
      hash: md5
      md5: 9eed40564cf8f809291046cd9cca6dc4
      size: 5746
    - path: src/riskflux/schemas.py
      hash: md5
      md5: 6bd319fcc8748a648ad422bcfe9e517b
      size: 6436
    params:
      params.yaml:
        population:
          term_months: 36
          application_type: Individual
          issue_start: 2013-01
          issue_end: 2017-04
    outs:
    - path: data/interim/loans_aux.parquet
      hash: md5
      md5: 5d2ccea0e32a3451dcb717382c4dd0e4
      size: 23460152
    - path: data/interim/loans_clean.parquet
      hash: md5
      md5: ca8d4e84488e1307d5e6f3d0cfbca135
      size: 66543670
  split:
    cmd: python -m riskflux.data.split
    deps:
    - path: data/interim/loans_clean.parquet
      hash: md5
      md5: ca8d4e84488e1307d5e6f3d0cfbca135
      size: 66543670
    - path: src/riskflux/columns.py
      hash: md5
      md5: 1c0cf9c0f6263784a62d3177626138a8
      size: 3647
    - path: src/riskflux/config.py
      hash: md5
      md5: de8aaeb1121637264f79a1ccd90d4b13
      size: 7030
    - path: src/riskflux/data/split.py
      hash: md5
      md5: 0981c70aa63dcfd3316ba296dc26066f
      size: 1936
    - path: src/riskflux/schemas.py
      hash: md5
      md5: 6bd319fcc8748a648ad422bcfe9e517b
      size: 6436
    params:
      params.yaml:
        population:
          term_months: 36
          application_type: Individual
          issue_start: 2013-01
          issue_end: 2017-04
        split:
          train:
            start: 2013-01
            end: 2015-12
          val:
            start: 2016-01
            end: 2016-06
          test:
            start: 2016-07
            end: 2017-04
    outs:
    - path: data/processed/test.parquet
      hash: md5
      md5: 96cbff12dd6ceffcb9e6087b83818dd9
      size: 17628209
    - path: data/processed/train.parquet
      hash: md5
      md5: 3b385469e5d900bab4fc864a4b60a989
      size: 37627652
    - path: data/processed/val.parquet
      hash: md5
      md5: 8a85f4375dcef64712ef283bc24583fb
      size: 12804126
    - path: reports/split_stats.json
      hash: md5
      md5: 1ee9ce1ff8c7002fb0ba1144aa17c690
      size: 201
  train:
    cmd: python -m riskflux.models.train
    deps:
    - path: data/interim/loans_aux.parquet
      hash: md5
      md5: 5d2ccea0e32a3451dcb717382c4dd0e4
      size: 23460152
    - path: data/processed/train.parquet
      hash: md5
      md5: 3b385469e5d900bab4fc864a4b60a989
      size: 37627652
    - path: data/processed/val.parquet
      hash: md5
      md5: 8a85f4375dcef64712ef283bc24583fb
      size: 12804126
    - path: src/riskflux/columns.py
      hash: md5
      md5: 1c0cf9c0f6263784a62d3177626138a8
      size: 3647
    - path: src/riskflux/config.py
      hash: md5
      md5: de8aaeb1121637264f79a1ccd90d4b13
      size: 7030
    - path: src/riskflux/economics/cost.py
      hash: md5
      md5: c70717c937e950b85875510a4f2dd60d
      size: 3367
    - path: src/riskflux/features/engineer.py
      hash: md5
      md5: 3dfdf9633e0a0e6e13252ea4e1af4dbf
      size: 1717
    - path: src/riskflux/features/pipeline.py
      hash: md5
      md5: 649c7f17075470144d12faaf947b9467
      size: 2479
    - path: src/riskflux/models/calibration.py
      hash: md5
      md5: b0dec3ac087441379b496a2109615e4e
      size: 1853
    - path: src/riskflux/models/io.py
      hash: md5
      md5: ac3cc68996045138350e28aaef40b328
      size: 1364
    - path: src/riskflux/models/metrics.py
      hash: md5
      md5: 74c540b1a37a883e09ce94cde011ce24
      size: 1528
    - path: src/riskflux/models/train.py
      hash: md5
      md5: e0f94cb47cc27f0f0f456859ad5f276b
      size: 4549
    params:
      params.yaml:
        cost:
          threshold_grid:
            start: 0.01
            stop: 0.99
            step: 0.005
        model:
          seed: 42
          early_stopping_rounds: 100
          lightgbm:
            n_estimators: 3000
            learning_rate: 0.03
            num_leaves: 31
            min_child_samples: 200
            subsample: 0.8
            subsample_freq: 1
            colsample_bytree: 0.8
            reg_lambda: 1.0
            deterministic: true
            force_row_wise: true
            verbose: -1
        population:
          term_months: 36
          application_type: Individual
          issue_start: 2013-01
          issue_end: 2017-04
    outs:
    - path: models/model.joblib
      hash: md5
      md5: b3d42da7e365d032a5e7ce72dec9874c
      size: 3265370
    - path: models/policy.json
      hash: md5
      md5: dd51e6ccc439818956c3f8269bf5564d
      size: 1579
    - path: reports/train_metrics.json
      hash: md5
      md5: 30664f64478fa6a74f4bd50f1685aa1b
      size: 604
  evaluate:
    cmd: python -m riskflux.models.evaluate
    deps:
    - path: data/interim/loans_aux.parquet
      hash: md5
      md5: 5d2ccea0e32a3451dcb717382c4dd0e4
      size: 23460152
    - path: data/processed/test.parquet
      hash: md5
      md5: 96cbff12dd6ceffcb9e6087b83818dd9
      size: 17628209
    - path: models/model.joblib
      hash: md5
      md5: b3d42da7e365d032a5e7ce72dec9874c
      size: 3265370
    - path: models/policy.json
      hash: md5
      md5: dd51e6ccc439818956c3f8269bf5564d
      size: 1579
    - path: src/riskflux/columns.py
      hash: md5
      md5: 1c0cf9c0f6263784a62d3177626138a8
      size: 3647
    - path: src/riskflux/config.py
      hash: md5
      md5: de8aaeb1121637264f79a1ccd90d4b13
      size: 7030
    - path: src/riskflux/economics/cost.py
      hash: md5
      md5: c70717c937e950b85875510a4f2dd60d
      size: 3367
    - path: src/riskflux/models/evaluate.py
      hash: md5
      md5: af79f5a3099d5a02414593625828ff97
      size: 3128
    - path: src/riskflux/models/io.py
      hash: md5
      md5: ac3cc68996045138350e28aaef40b328
      size: 1364
    - path: src/riskflux/models/metrics.py
      hash: md5
      md5: 74c540b1a37a883e09ce94cde011ce24
      size: 1528
    params:
      params.yaml:
        cost:
          threshold_grid:
            start: 0.01
            stop: 0.99
            step: 0.005
    outs:
    - path: reports/calibration_test.csv
      hash: md5
      md5: 750f51ab087b15cf3988933cfb5fffd0
      size: 276
    - path: reports/test_metrics.json
      hash: md5
      md5: 9022149f7e0fac4422dde4cd5db0f672
      size: 985
  ablation:
    cmd: python -m riskflux.models.ablation
    deps:
    - path: data/interim/loans_aux.parquet
      hash: md5
      md5: 5d2ccea0e32a3451dcb717382c4dd0e4
      size: 23460152
    - path: data/processed/test.parquet
      hash: md5
      md5: 96cbff12dd6ceffcb9e6087b83818dd9
      size: 17628209
    - path: data/processed/train.parquet
      hash: md5
      md5: 3b385469e5d900bab4fc864a4b60a989
      size: 37627652
    - path: data/processed/val.parquet
      hash: md5
      md5: 8a85f4375dcef64712ef283bc24583fb
      size: 12804126
    - path: src/riskflux/columns.py
      hash: md5
      md5: 1c0cf9c0f6263784a62d3177626138a8
      size: 3647
    - path: src/riskflux/config.py
      hash: md5
      md5: de8aaeb1121637264f79a1ccd90d4b13
      size: 7030
    - path: src/riskflux/economics/cost.py
      hash: md5
      md5: c70717c937e950b85875510a4f2dd60d
      size: 3367
    - path: src/riskflux/features/engineer.py
      hash: md5
      md5: 3dfdf9633e0a0e6e13252ea4e1af4dbf
      size: 1717
    - path: src/riskflux/features/pipeline.py
      hash: md5
      md5: 649c7f17075470144d12faaf947b9467
      size: 2479
    - path: src/riskflux/models/ablation.py
      hash: md5
      md5: e63ecc5198cb60c998342b4d610240e9
      size: 2629
    - path: src/riskflux/models/calibration.py
      hash: md5
      md5: b0dec3ac087441379b496a2109615e4e
      size: 1853
    - path: src/riskflux/models/io.py
      hash: md5
      md5: ac3cc68996045138350e28aaef40b328
      size: 1364
    - path: src/riskflux/models/metrics.py
      hash: md5
      md5: 74c540b1a37a883e09ce94cde011ce24
      size: 1528
    - path: src/riskflux/models/train.py
      hash: md5
      md5: e0f94cb47cc27f0f0f456859ad5f276b
      size: 4549
    params:
      params.yaml:
        model:
          seed: 42
          early_stopping_rounds: 100
          lightgbm:
            n_estimators: 3000
            learning_rate: 0.03
            num_leaves: 31
            min_child_samples: 200
            subsample: 0.8
            subsample_freq: 1
            colsample_bytree: 0.8
            reg_lambda: 1.0
            deterministic: true
            force_row_wise: true
            verbose: -1
    outs:
    - path: reports/ablation.json
      hash: md5
      md5: 405851224f41fa0b3474f71f4a4cf470
      size: 227
  replay_data:
    cmd: python -m riskflux.data.replay
    deps:
    - path: data/interim/loans_raw.parquet
      hash: md5
      md5: 3616a5307b50af5c5815b8e35131d6af
      size: 369781439
    - path: src/riskflux/columns.py
      hash: md5
      md5: 1c0cf9c0f6263784a62d3177626138a8
      size: 3647
    - path: src/riskflux/config.py
      hash: md5
      md5: de8aaeb1121637264f79a1ccd90d4b13
      size: 7030
    - path: src/riskflux/data/clean.py
      hash: md5
      md5: 9eed40564cf8f809291046cd9cca6dc4
      size: 5746
    - path: src/riskflux/data/replay.py
      hash: md5
      md5: 53eb1a743146286a56bc64e97887de6a
      size: 1928
    - path: src/riskflux/schemas.py
      hash: md5
      md5: 6bd319fcc8748a648ad422bcfe9e517b
      size: 6436
    params:
      params.yaml:
        monitoring:
          replay:
            start: 2017-05
            end: 2020-09
          sample_per_month: 2000
          seed: 42
          reference_sample: 20000
          psi_threshold: 0.1
          drifted_share_alert: 0.3
          prediction_psi_alert: 0.2
          missing_share_alert: 0.1
        population:
          term_months: 36
          application_type: Individual
          issue_start: 2013-01
          issue_end: 2017-04
    outs:
    - path: data/monitoring/replay_loans.parquet
      hash: md5
      md5: e16bded5965d7ac3f176d60a43ff491c
      size: 6541581
  backtest:
    cmd: python -m riskflux.retrain.backtest
    deps:
    - path: data/interim/loans_aux.parquet
      hash: md5
      md5: 5d2ccea0e32a3451dcb717382c4dd0e4
      size: 23460152
    - path: data/interim/loans_clean.parquet
      hash: md5
      md5: ca8d4e84488e1307d5e6f3d0cfbca135
      size: 66543670
    - path: src/riskflux/columns.py
      hash: md5
      md5: 1c0cf9c0f6263784a62d3177626138a8
      size: 3647
    - path: src/riskflux/config.py
      hash: md5
      md5: de8aaeb1121637264f79a1ccd90d4b13
      size: 7030
    - path: src/riskflux/economics/cost.py
      hash: md5
      md5: c70717c937e950b85875510a4f2dd60d
      size: 3367
    - path: src/riskflux/features/engineer.py
      hash: md5
      md5: 3dfdf9633e0a0e6e13252ea4e1af4dbf
      size: 1717
    - path: src/riskflux/features/pipeline.py
      hash: md5
      md5: 649c7f17075470144d12faaf947b9467
      size: 2479
    - path: src/riskflux/models/calibration.py
      hash: md5
      md5: b0dec3ac087441379b496a2109615e4e
      size: 1853
    - path: src/riskflux/models/io.py
      hash: md5
      md5: ac3cc68996045138350e28aaef40b328
      size: 1364
    - path: src/riskflux/models/metrics.py
      hash: md5
      md5: 74c540b1a37a883e09ce94cde011ce24
      size: 1528
    - path: src/riskflux/models/train.py
      hash: md5
      md5: e0f94cb47cc27f0f0f456859ad5f276b
      size: 4549
    - path: src/riskflux/retrain/backtest.py
      hash: md5
      md5: 57c177fa6072039ffedf1b9e37684bb6
      size: 3279
    params:
      params.yaml:
        backtest:
          as_of:
          - 2018-09
          - 2019-09
          - 2020-09
        cost:
          threshold_grid:
            start: 0.01
            stop: 0.99
            step: 0.005
        model:
          seed: 42
          early_stopping_rounds: 100
          lightgbm:
            n_estimators: 3000
            learning_rate: 0.03
            num_leaves: 31
            min_child_samples: 200
            subsample: 0.8
            subsample_freq: 1
            colsample_bytree: 0.8
            reg_lambda: 1.0
            deterministic: true
            force_row_wise: true
            verbose: -1
        population:
          term_months: 36
          application_type: Individual
          issue_start: 2013-01
          issue_end: 2017-04
        retraining:
          data_snapshot: 2020-09
          maturity_months: 41
          train_start: 2013-01
          val_months: 6
          test_months: 10
    outs:
    - path: reports/backtest.json
      hash: md5
      md5: 4d5dd8733f640d64d623299c12d45599
      size: 1331
